
Microsoft Visual Studio Solution File, Format Version 12.00
# Visual Studio Version 17
VisualStudioVersion = 17.4.33103.184
MinimumVisualStudioVersion = 10.0.40219.1
Project("{FAE04EC0-301F-11D3-BF4B-00C04F79EFBC}") = "GAB-POA", "GAB-POA.csproj", "{B61786CB-6ACC-47A9-ACAF-64DB1275A28C}"
EndProject
Global
	GlobalSection(SolutionConfigurationPlatforms) = preSolution
		Debug|Any CPU = Debug|Any CPU
		Release|Any CPU = Release|Any CPU
	EndGlobalSection
	GlobalSection(ProjectConfigurationPlatforms) = postSolution
		{B61786CB-6ACC-47A9-ACAF-64DB1275A28C}.Debug|Any CPU.ActiveCfg = Debug|Any CPU
		{B61786CB-6ACC-47A9-ACAF-64DB1275A28C}.Debug|Any CPU.Build.0 = Debug|Any CPU
		{B61786CB-6ACC-47A9-ACAF-64DB1275A28C}.Release|Any CPU.ActiveCfg = Release|Any CPU
		{B61786CB-6ACC-47A9-ACAF-64DB1275A28C}.Release|Any CPU.Build.0 = Release|Any CPU
	EndGlobalSection
	GlobalSection(SolutionProperties) = preSolution
		HideSolutionNode = FALSE
	EndGlobalSection
	GlobalSection(ExtensibilityGlobals) = postSolution
		SolutionGuid = {12FE15CF-D5BE-4FAF-94DB-DE6E7973277E}
	EndGlobalSection
EndGlobal
